// !$*UTF8*$!
{
	archiveVersion = 1;
	classes = {
	};
	objectVersion = 46;
	objects = {

/* Begin PBXBuildFile section */
		03E9719EA5050B7A598A754D /* Pods_ProficiencyExercise.framework in Frameworks */ = {isa = PBXBuildFile; fileRef = 0E00CF90E356E50C3C8B8981 /* Pods_ProficiencyExercise.framework */; };
		6EA9275113FBA0154AEC1E0C /* Pods_ProficiencyExerciseUITests.framework in Frameworks */ = {isa = PBXBuildFile; fileRef = 387C01251AC74D1E45BEFF84 /* Pods_ProficiencyExerciseUITests.framework */; };
		77E017DD1FDD91FB00C5E83D /* LoadingIndicator.swift in Sources */ = {isa = PBXBuildFile; fileRef = 77E017DC1FDD91FB00C5E83D /* LoadingIndicator.swift */; };
		77F71F821FDAB8FA00D1A98A /* AppDelegate.swift in Sources */ = {isa = PBXBuildFile; fileRef = 77F71F811FDAB8FA00D1A98A /* AppDelegate.swift */; };
		77F71F841FDAB8FA00D1A98A /* ViewController.swift in Sources */ = {isa = PBXBuildFile; fileRef = 77F71F831FDAB8FA00D1A98A /* ViewController.swift */; };
		77F71F891FDAB8FA00D1A98A /* Assets.xcassets in Resources */ = {isa = PBXBuildFile; fileRef = 77F71F881FDAB8FA00D1A98A /* Assets.xcassets */; };
		77F71F8C1FDAB8FA00D1A98A /* LaunchScreen.storyboard in Resources */ = {isa = PBXBuildFile; fileRef = 77F71F8A1FDAB8FA00D1A98A /* LaunchScreen.storyboard */; };
		77F71F971FDAB8FB00D1A98A /* ProficiencyExerciseTests.swift in Sources */ = {isa = PBXBuildFile; fileRef = 77F71F961FDAB8FB00D1A98A /* ProficiencyExerciseTests.swift */; };
		77F71FA21FDAB8FB00D1A98A /* ProficiencyExerciseUITests.swift in Sources */ = {isa = PBXBuildFile; fileRef = 77F71FA11FDAB8FB00D1A98A /* ProficiencyExerciseUITests.swift */; };
		77F71FB91FDAD04500D1A98A /* CustomCellImageList.swift in Sources */ = {isa = PBXBuildFile; fileRef = 77F71FB81FDAD04500D1A98A /* CustomCellImageList.swift */; };
		77F71FBD1FDB059400D1A98A /* Constants.swift in Sources */ = {isa = PBXBuildFile; fileRef = 77F71FBC1FDB059400D1A98A /* Constants.swift */; };
		77F71FC01FDB232900D1A98A /* ApiManager.swift in Sources */ = {isa = PBXBuildFile; fileRef = 77F71FBF1FDB232800D1A98A /* ApiManager.swift */; };
		77F71FC21FDB240000D1A98A /* ApiResponseData.swift in Sources */ = {isa = PBXBuildFile; fileRef = 77F71FC11FDB240000D1A98A /* ApiResponseData.swift */; };
		77F71FC41FDB24C000D1A98A /* ListItemData.swift in Sources */ = {isa = PBXBuildFile; fileRef = 77F71FC31FDB24C000D1A98A /* ListItemData.swift */; };
		D367BE36C611701DD12D25D6 /* Pods_ProficiencyExerciseTests.framework in Frameworks */ = {isa = PBXBuildFile; fileRef = 2A9A828B40EEFF7CB458B9DC /* Pods_ProficiencyExerciseTests.framework */; };
/* End PBXBuildFile section */

/* Begin PBXContainerItemProxy section */
		77F71F931FDAB8FB00D1A98A /* PBXContainerItemProxy */ = {
			isa = PBXContainerItemProxy;
			containerPortal = 77F71F761FDAB8FA00D1A98A /* Project object */;
			proxyType = 1;
			remoteGlobalIDString = 77F71F7D1FDAB8FA00D1A98A;
			remoteInfo = ProficiencyExercise;
		};
		77F71F9E1FDAB8FB00D1A98A /* PBXContainerItemProxy */ = {
			isa = PBXContainerItemProxy;
			containerPortal = 77F71F761FDAB8FA00D1A98A /* Project object */;
			proxyType = 1;
			remoteGlobalIDString = 77F71F7D1FDAB8FA00D1A98A;
			remoteInfo = ProficiencyExercise;
		};
/* End PBXContainerItemProxy section */

/* Begin PBXFileReference section */
		0E00CF90E356E50C3C8B8981 /* Pods_ProficiencyExercise.framework */ = {isa = PBXFileReference; explicitFileType = wrapper.framework; includeInIndex = 0; path = Pods_ProficiencyExercise.framework; sourceTree = BUILT_PRODUCTS_DIR; };
		2A9A828B40EEFF7CB458B9DC /* Pods_ProficiencyExerciseTests.framework */ = {isa = PBXFileReference; explicitFileType = wrapper.framework; includeInIndex = 0; path = Pods_ProficiencyExerciseTests.framework; sourceTree = BUILT_PRODUCTS_DIR; };
		2C75E13863B345BF4ABE684E /* Pods-ProficiencyExerciseTests.release.xcconfig */ = {isa = PBXFileReference; includeInIndex = 1; lastKnownFileType = text.xcconfig; name = "Pods-ProficiencyExerciseTests.release.xcconfig"; path = "Pods/Target Support Files/Pods-ProficiencyExerciseTests/Pods-ProficiencyExerciseTests.release.xcconfig"; sourceTree = "<group>"; };
		2CAE66282596576BC33F083D /* Pods-ProficiencyExerciseUITests.release.xcconfig */ = {isa = PBXFileReference; includeInIndex = 1; lastKnownFileType = text.xcconfig; name = "Pods-ProficiencyExerciseUITests.release.xcconfig"; path = "Pods/Target Support Files/Pods-ProficiencyExerciseUITests/Pods-ProficiencyExerciseUITests.release.xcconfig"; sourceTree = "<group>"; };
		387C01251AC74D1E45BEFF84 /* Pods_ProficiencyExerciseUITests.framework */ = {isa = PBXFileReference; explicitFileType = wrapper.framework; includeInIndex = 0; path = Pods_ProficiencyExerciseUITests.framework; sourceTree = BUILT_PRODUCTS_DIR; };
		77E017DC1FDD91FB00C5E83D /* LoadingIndicator.swift */ = {isa = PBXFileReference; fileEncoding = 4; lastKnownFileType = sourcecode.swift; path = LoadingIndicator.swift; sourceTree = "<group>"; };
		77F71F7E1FDAB8FA00D1A98A /* ProficiencyExercise.app */ = {isa = PBXFileReference; explicitFileType = wrapper.application; includeInIndex = 0; path = ProficiencyExercise.app; sourceTree = BUILT_PRODUCTS_DIR; };
		77F71F811FDAB8FA00D1A98A /* AppDelegate.swift */ = {isa = PBXFileReference; lastKnownFileType = sourcecode.swift; path = AppDelegate.swift; sourceTree = "<group>"; };
		77F71F831FDAB8FA00D1A98A /* ViewController.swift */ = {isa = PBXFileReference; lastKnownFileType = sourcecode.swift; path = ViewController.swift; sourceTree = "<group>"; };
		77F71F881FDAB8FA00D1A98A /* Assets.xcassets */ = {isa = PBXFileReference; lastKnownFileType = folder.assetcatalog; path = Assets.xcassets; sourceTree = "<group>"; };
		77F71F8B1FDAB8FA00D1A98A /* Base */ = {isa = PBXFileReference; lastKnownFileType = file.storyboard; name = Base; path = Base.lproj/LaunchScreen.storyboard; sourceTree = "<group>"; };
		77F71F8D1FDAB8FA00D1A98A /* Info.plist */ = {isa = PBXFileReference; lastKnownFileType = text.plist.xml; path = Info.plist; sourceTree = "<group>"; };
		77F71F921FDAB8FB00D1A98A /* ProficiencyExerciseTests.xctest */ = {isa = PBXFileReference; explicitFileType = wrapper.cfbundle; includeInIndex = 0; path = ProficiencyExerciseTests.xctest; sourceTree = BUILT_PRODUCTS_DIR; };
		77F71F961FDAB8FB00D1A98A /* ProficiencyExerciseTests.swift */ = {isa = PBXFileReference; lastKnownFileType = sourcecode.swift; path = ProficiencyExerciseTests.swift; sourceTree = "<group>"; };
		77F71F981FDAB8FB00D1A98A /* Info.plist */ = {isa = PBXFileReference; lastKnownFileType = text.plist.xml; path = Info.plist; sourceTree = "<group>"; };
		77F71F9D1FDAB8FB00D1A98A /* ProficiencyExerciseUITests.xctest */ = {isa = PBXFileReference; explicitFileType = wrapper.cfbundle; includeInIndex = 0; path = ProficiencyExerciseUITests.xctest; sourceTree = BUILT_PRODUCTS_DIR; };
		77F71FA11FDAB8FB00D1A98A /* ProficiencyExerciseUITests.swift */ = {isa = PBXFileReference; lastKnownFileType = sourcecode.swift; path = ProficiencyExerciseUITests.swift; sourceTree = "<group>"; };
		77F71FA31FDAB8FB00D1A98A /* Info.plist */ = {isa = PBXFileReference; lastKnownFileType = text.plist.xml; path = Info.plist; sourceTree = "<group>"; };
		77F71FAF1FDABE3600D1A98A /* ProficiencyExercise-Bridging-Header.h */ = {isa = PBXFileReference; lastKnownFileType = sourcecode.c.h; path = "ProficiencyExercise-Bridging-Header.h"; sourceTree = "<group>"; };
		77F71FB81FDAD04500D1A98A /* CustomCellImageList.swift */ = {isa = PBXFileReference; fileEncoding = 4; lastKnownFileType = sourcecode.swift; path = CustomCellImageList.swift; sourceTree = "<group>"; };
		77F71FBC1FDB059400D1A98A /* Constants.swift */ = {isa = PBXFileReference; fileEncoding = 4; lastKnownFileType = sourcecode.swift; path = Constants.swift; sourceTree = "<group>"; };
		77F71FBF1FDB232800D1A98A /* ApiManager.swift */ = {isa = PBXFileReference; fileEncoding = 4; lastKnownFileType = sourcecode.swift; path = ApiManager.swift; sourceTree = "<group>"; };
		77F71FC11FDB240000D1A98A /* ApiResponseData.swift */ = {isa = PBXFileReference; fileEncoding = 4; lastKnownFileType = sourcecode.swift; path = ApiResponseData.swift; sourceTree = "<group>"; };
		77F71FC31FDB24C000D1A98A /* ListItemData.swift */ = {isa = PBXFileReference; fileEncoding = 4; lastKnownFileType = sourcecode.swift; path = ListItemData.swift; sourceTree = "<group>"; };
		85D5EF233B4E0009920B5212 /* Pods-ProficiencyExerciseTests.debug.xcconfig */ = {isa = PBXFileReference; includeInIndex = 1; lastKnownFileType = text.xcconfig; name = "Pods-ProficiencyExerciseTests.debug.xcconfig"; path = "Pods/Target Support Files/Pods-ProficiencyExerciseTests/Pods-ProficiencyExerciseTests.debug.xcconfig"; sourceTree = "<group>"; };
		9FE8692F838F48449805BD11 /* Pods-ProficiencyExercise.release.xcconfig */ = {isa = PBXFileReference; includeInIndex = 1; lastKnownFileType = text.xcconfig; name = "Pods-ProficiencyExercise.release.xcconfig"; path = "Pods/Target Support Files/Pods-ProficiencyExercise/Pods-ProficiencyExercise.release.xcconfig"; sourceTree = "<group>"; };
		A649DC9E4EADE1C2845C5199 /* Pods-ProficiencyExercise.debug.xcconfig */ = {isa = PBXFileReference; includeInIndex = 1; lastKnownFileType = text.xcconfig; name = "Pods-ProficiencyExercise.debug.xcconfig"; path = "Pods/Target Support Files/Pods-ProficiencyExercise/Pods-ProficiencyExercise.debug.xcconfig"; sourceTree = "<group>"; };
		EB497B74CCD3D4498FAFF976 /* Pods-ProficiencyExerciseUITests.debug.xcconfig */ = {isa = PBXFileReference; includeInIndex = 1; lastKnownFileType = text.xcconfig; name = "Pods-ProficiencyExerciseUITests.debug.xcconfig"; path = "Pods/Target Support Files/Pods-ProficiencyExerciseUITests/Pods-ProficiencyExerciseUITests.debug.xcconfig"; sourceTree = "<group>"; };
/* End PBXFileReference section */

/* Begin PBXFrameworksBuildPhase section */
		77F71F7B1FDAB8FA00D1A98A /* Frameworks */ = {
			isa = PBXFrameworksBuildPhase;
			buildActionMask = 2147483647;
			files = (
				03E9719EA5050B7A598A754D /* Pods_ProficiencyExercise.framework in Frameworks */,
			);
			runOnlyForDeploymentPostprocessing = 0;
		};
		77F71F8F1FDAB8FB00D1A98A /* Frameworks */ = {
			isa = PBXFrameworksBuildPhase;
			buildActionMask = 2147483647;
			files = (
				D367BE36C611701DD12D25D6 /* Pods_ProficiencyExerciseTests.framework in Frameworks */,
			);
			runOnlyForDeploymentPostprocessing = 0;
		};
		77F71F9A1FDAB8FB00D1A98A /* Frameworks */ = {
			isa = PBXFrameworksBuildPhase;
			buildActionMask = 2147483647;
			files = (
				6EA9275113FBA0154AEC1E0C /* Pods_ProficiencyExerciseUITests.framework in Frameworks */,
			);
			runOnlyForDeploymentPostprocessing = 0;
		};
/* End PBXFrameworksBuildPhase section */

/* Begin PBXGroup section */
		72981F4AE7BF5F611DB2110B /* Frameworks */ = {
			isa = PBXGroup;
			children = (
				0E00CF90E356E50C3C8B8981 /* Pods_ProficiencyExercise.framework */,
				2A9A828B40EEFF7CB458B9DC /* Pods_ProficiencyExerciseTests.framework */,
				387C01251AC74D1E45BEFF84 /* Pods_ProficiencyExerciseUITests.framework */,
			);
			name = Frameworks;
			sourceTree = "<group>";
		};
		77E017DB1FDD91E000C5E83D /* LoadingIndicator */ = {
			isa = PBXGroup;
			children = (
				77E017DC1FDD91FB00C5E83D /* LoadingIndicator.swift */,
			);
			path = LoadingIndicator;
			sourceTree = "<group>";
		};
		77F71F751FDAB8FA00D1A98A = {
			isa = PBXGroup;
			children = (
				77F71F801FDAB8FA00D1A98A /* ProficiencyExercise */,
				77F71F951FDAB8FB00D1A98A /* ProficiencyExerciseTests */,
				77F71FA01FDAB8FB00D1A98A /* ProficiencyExerciseUITests */,
				77F71F7F1FDAB8FA00D1A98A /* Products */,
				9F61FB1103F2ED9CC14AABE3 /* Pods */,
				72981F4AE7BF5F611DB2110B /* Frameworks */,
			);
			sourceTree = "<group>";
		};
		77F71F7F1FDAB8FA00D1A98A /* Products */ = {
			isa = PBXGroup;
			children = (
				77F71F7E1FDAB8FA00D1A98A /* ProficiencyExercise.app */,
				77F71F921FDAB8FB00D1A98A /* ProficiencyExerciseTests.xctest */,
				77F71F9D1FDAB8FB00D1A98A /* ProficiencyExerciseUITests.xctest */,
			);
			name = Products;
			sourceTree = "<group>";
		};
		77F71F801FDAB8FA00D1A98A /* ProficiencyExercise */ = {
			isa = PBXGroup;
			children = (
				77E017DB1FDD91E000C5E83D /* LoadingIndicator */,
				77F71FBE1FDB226700D1A98A /* ApiManager */,
				77F71FBB1FDB050800D1A98A /* Constant */,
				77F71FB71FDAD04500D1A98A /* CustomeCell */,
				77F71F811FDAB8FA00D1A98A /* AppDelegate.swift */,
				77F71F831FDAB8FA00D1A98A /* ViewController.swift */,
				77F71FAF1FDABE3600D1A98A /* ProficiencyExercise-Bridging-Header.h */,
				77F71F881FDAB8FA00D1A98A /* Assets.xcassets */,
				77F71F8A1FDAB8FA00D1A98A /* LaunchScreen.storyboard */,
				77F71F8D1FDAB8FA00D1A98A /* Info.plist */,
			);
			path = ProficiencyExercise;
			sourceTree = "<group>";
		};
		77F71F951FDAB8FB00D1A98A /* ProficiencyExerciseTests */ = {
			isa = PBXGroup;
			children = (
				77F71F961FDAB8FB00D1A98A /* ProficiencyExerciseTests.swift */,
				77F71F981FDAB8FB00D1A98A /* Info.plist */,
			);
			path = ProficiencyExerciseTests;
			sourceTree = "<group>";
		};
		77F71FA01FDAB8FB00D1A98A /* ProficiencyExerciseUITests */ = {
			isa = PBXGroup;
			children = (
				77F71FA11FDAB8FB00D1A98A /* ProficiencyExerciseUITests.swift */,
				77F71FA31FDAB8FB00D1A98A /* Info.plist */,
			);
			path = ProficiencyExerciseUITests;
			sourceTree = "<group>";
		};
		77F71FB71FDAD04500D1A98A /* CustomeCell */ = {
			isa = PBXGroup;
			children = (
				77F71FB81FDAD04500D1A98A /* CustomCellImageList.swift */,
			);
			path = CustomeCell;
			sourceTree = "<group>";
		};
		77F71FBB1FDB050800D1A98A /* Constant */ = {
			isa = PBXGroup;
			children = (
				77F71FBC1FDB059400D1A98A /* Constants.swift */,
			);
			path = Constant;
			sourceTree = "<group>";
		};
		77F71FBE1FDB226700D1A98A /* ApiManager */ = {
			isa = PBXGroup;
			children = (
				77F71FBF1FDB232800D1A98A /* ApiManager.swift */,
				77F71FC11FDB240000D1A98A /* ApiResponseData.swift */,
				77F71FC31FDB24C000D1A98A /* ListItemData.swift */,
			);
			path = ApiManager;
			sourceTree = "<group>";
		};
		9F61FB1103F2ED9CC14AABE3 /* Pods */ = {
			isa = PBXGroup;
			children = (
				A649DC9E4EADE1C2845C5199 /* Pods-ProficiencyExercise.debug.xcconfig */,
				9FE8692F838F48449805BD11 /* Pods-ProficiencyExercise.release.xcconfig */,
				85D5EF233B4E0009920B5212 /* Pods-ProficiencyExerciseTests.debug.xcconfig */,
				2C75E13863B345BF4ABE684E /* Pods-ProficiencyExerciseTests.release.xcconfig */,
				EB497B74CCD3D4498FAFF976 /* Pods-ProficiencyExerciseUITests.debug.xcconfig */,
				2CAE66282596576BC33F083D /* Pods-ProficiencyExerciseUITests.release.xcconfig */,
			);
			name = Pods;
			sourceTree = "<group>";
		};
/* End PBXGroup section */

/* Begin PBXNativeTarget section */
		77F71F7D1FDAB8FA00D1A98A /* ProficiencyExercise */ = {
			isa = PBXNativeTarget;
			buildConfigurationList = 77F71FA61FDAB8FB00D1A98A /* Build configuration list for PBXNativeTarget "ProficiencyExercise" */;
			buildPhases = (
				717AEF5EA06BA2C8ED37E5BC /* [CP] Check Pods Manifest.lock */,
				77F71F7A1FDAB8FA00D1A98A /* Sources */,
				77F71F7B1FDAB8FA00D1A98A /* Frameworks */,
				77F71F7C1FDAB8FA00D1A98A /* Resources */,
				96EB9D2AC54C2C2770BEA0EC /* [CP] Embed Pods Frameworks */,
				69CF163A0CEFA5E2C6C5F8D0 /* [CP] Copy Pods Resources */,
			);
			buildRules = (
			);
			dependencies = (
			);
			name = ProficiencyExercise;
			productName = ProficiencyExercise;
			productReference = 77F71F7E1FDAB8FA00D1A98A /* ProficiencyExercise.app */;
			productType = "com.apple.product-type.application";
		};
		77F71F911FDAB8FB00D1A98A /* ProficiencyExerciseTests */ = {
			isa = PBXNativeTarget;
			buildConfigurationList = 77F71FA91FDAB8FB00D1A98A /* Build configuration list for PBXNativeTarget "ProficiencyExerciseTests" */;
			buildPhases = (
				3ED79F92D9391FDDDA3A6ADB /* [CP] Check Pods Manifest.lock */,
				77F71F8E1FDAB8FB00D1A98A /* Sources */,
				77F71F8F1FDAB8FB00D1A98A /* Frameworks */,
				77F71F901FDAB8FB00D1A98A /* Resources */,
				B469383BF5F33FC7DF9C754B /* [CP] Embed Pods Frameworks */,
				76F4AC77FB4285408A9E75FD /* [CP] Copy Pods Resources */,
			);
			buildRules = (
			);
			dependencies = (
				77F71F941FDAB8FB00D1A98A /* PBXTargetDependency */,
			);
			name = ProficiencyExerciseTests;
			productName = ProficiencyExerciseTests;
			productReference = 77F71F921FDAB8FB00D1A98A /* ProficiencyExerciseTests.xctest */;
			productType = "com.apple.product-type.bundle.unit-test";
		};
		77F71F9C1FDAB8FB00D1A98A /* ProficiencyExerciseUITests */ = {
			isa = PBXNativeTarget;
			buildConfigurationList = 77F71FAC1FDAB8FB00D1A98A /* Build configuration list for PBXNativeTarget "ProficiencyExerciseUITests" */;
			buildPhases = (
				D4F0AF4B86FFC56145EA27AF /* [CP] Check Pods Manifest.lock */,
				77F71F991FDAB8FB00D1A98A /* Sources */,
				77F71F9A1FDAB8FB00D1A98A /* Frameworks */,
				77F71F9B1FDAB8FB00D1A98A /* Resources */,
				D7944F48A6F35409CBBA962B /* [CP] Embed Pods Frameworks */,
				FB3CA10B461F6BE33B8E2B05 /* [CP] Copy Pods Resources */,
			);
			buildRules = (
			);
			dependencies = (
				77F71F9F1FDAB8FB00D1A98A /* PBXTargetDependency */,
			);
			name = ProficiencyExerciseUITests;
			productName = ProficiencyExerciseUITests;
			productReference = 77F71F9D1FDAB8FB00D1A98A /* ProficiencyExerciseUITests.xctest */;
			productType = "com.apple.product-type.bundle.ui-testing";
		};
/* End PBXNativeTarget section */

/* Begin PBXProject section */
		77F71F761FDAB8FA00D1A98A /* Project object */ = {
			isa = PBXProject;
			attributes = {
				LastSwiftUpdateCheck = 0820;
				LastUpgradeCheck = 0820;
				ORGANIZATIONNAME = "Ajeet Sharma";
				TargetAttributes = {
					77F71F7D1FDAB8FA00D1A98A = {
						CreatedOnToolsVersion = 8.2.1;
						DevelopmentTeam = NP7H2773Z2;
						ProvisioningStyle = Automatic;
					};
					77F71F911FDAB8FB00D1A98A = {
						CreatedOnToolsVersion = 8.2.1;
						ProvisioningStyle = Automatic;
						TestTargetID = 77F71F7D1FDAB8FA00D1A98A;
					};
					77F71F9C1FDAB8FB00D1A98A = {
						CreatedOnToolsVersion = 8.2.1;
						ProvisioningStyle = Automatic;
						TestTargetID = 77F71F7D1FDAB8FA00D1A98A;
					};
				};
			};
			buildConfigurationList = 77F71F791FDAB8FA00D1A98A /* Build configuration list for PBXProject "ProficiencyExercise" */;
			compatibilityVersion = "Xcode 3.2";
			developmentRegion = English;
			hasScannedForEncodings = 0;
			knownRegions = (
				en,
				Base,
			);
			mainGroup = 77F71F751FDAB8FA00D1A98A;
			productRefGroup = 77F71F7F1FDAB8FA00D1A98A /* Products */;
			projectDirPath = "";
			projectRoot = "";
			targets = (
				77F71F7D1FDAB8FA00D1A98A /* ProficiencyExercise */,
				77F71F911FDAB8FB00D1A98A /* ProficiencyExerciseTests */,
				77F71F9C1FDAB8FB00D1A98A /* ProficiencyExerciseUITests */,
			);
		};
/* End PBXProject section */

/* Begin PBXResourcesBuildPhase section */
		77F71F7C1FDAB8FA00D1A98A /* Resources */ = {
			isa = PBXResourcesBuildPhase;
			buildActionMask = 2147483647;
			files = (
				77F71F8C1FDAB8FA00D1A98A /* LaunchScreen.storyboard in Resources */,
				77F71F891FDAB8FA00D1A98A /* Assets.xcassets in Resources */,
			);
			runOnlyForDeploymentPostprocessing = 0;
		};
		77F71F901FDAB8FB00D1A98A /* Resources */ = {
			isa = PBXResourcesBuildPhase;
			buildActionMask = 2147483647;
			files = (
			);
			runOnlyForDeploymentPostprocessing = 0;
		};
		77F71F9B1FDAB8FB00D1A98A /* Resources */ = {
			isa = PBXResourcesBuildPhase;
			buildActionMask = 2147483647;
			files = (
			);
			runOnlyForDeploymentPostprocessing = 0;
		};
/* End PBXResourcesBuildPhase section */

/* Begin PBXShellScriptBuildPhase section */
		3ED79F92D9391FDDDA3A6ADB /* [CP] Check Pods Manifest.lock */ = {
			isa = PBXShellScriptBuildPhase;
			buildActionMask = 2147483647;
			files = (
			);
			inputPaths = (
				"${PODS_PODFILE_DIR_PATH}/Podfile.lock",
				"${PODS_ROOT}/Manifest.lock",
			);
			name = "[CP] Check Pods Manifest.lock";
			outputPaths = (
				"$(DERIVED_FILE_DIR)/Pods-ProficiencyExerciseTests-checkManifestLockResult.txt",
			);
			runOnlyForDeploymentPostprocessing = 0;
			shellPath = /bin/sh;
			shellScript = "diff \"${PODS_PODFILE_DIR_PATH}/Podfile.lock\" \"${PODS_ROOT}/Manifest.lock\" > /dev/null\nif [ $? != 0 ] ; then\n    # print error to STDERR\n    echo \"error: The sandbox is not in sync with the Podfile.lock. Run 'pod install' or update your CocoaPods installation.\" >&2\n    exit 1\nfi\n# This output is used by Xcode 'outputs' to avoid re-running this script phase.\necho \"SUCCESS\" > \"${SCRIPT_OUTPUT_FILE_0}\"\n";
			showEnvVarsInLog = 0;
		};
		69CF163A0CEFA5E2C6C5F8D0 /* [CP] Copy Pods Resources */ = {
			isa = PBXShellScriptBuildPhase;
			buildActionMask = 2147483647;
			files = (
			);
			inputPaths = (
			);
			name = "[CP] Copy Pods Resources";
			outputPaths = (
			);
			runOnlyForDeploymentPostprocessing = 0;
			shellPath = /bin/sh;
			shellScript = "\"${SRCROOT}/Pods/Target Support Files/Pods-ProficiencyExercise/Pods-ProficiencyExercise-resources.sh\"\n";
			showEnvVarsInLog = 0;
		};
		717AEF5EA06BA2C8ED37E5BC /* [CP] Check Pods Manifest.lock */ = {
			isa = PBXShellScriptBuildPhase;
			buildActionMask = 2147483647;
			files = (
			);
			inputPaths = (
				"${PODS_PODFILE_DIR_PATH}/Podfile.lock",
				"${PODS_ROOT}/Manifest.lock",
			);
			name = "[CP] Check Pods Manifest.lock";
			outputPaths = (
				"$(DERIVED_FILE_DIR)/Pods-ProficiencyExercise-checkManifestLockResult.txt",
			);
			runOnlyForDeploymentPostprocessing = 0;
			shellPath = /bin/sh;
			shellScript = "diff \"${PODS_PODFILE_DIR_PATH}/Podfile.lock\" \"${PODS_ROOT}/Manifest.lock\" > /dev/null\nif [ $? != 0 ] ; then\n    # print error to STDERR\n    echo \"error: The sandbox is not in sync with the Podfile.lock. Run 'pod install' or update your CocoaPods installation.\" >&2\n    exit 1\nfi\n# This output is used by Xcode 'outputs' to avoid re-running this script phase.\necho \"SUCCESS\" > \"${SCRIPT_OUTPUT_FILE_0}\"\n";
			showEnvVarsInLog = 0;
		};
		76F4AC77FB4285408A9E75FD /* [CP] Copy Pods Resources */ = {
			isa = PBXShellScriptBuildPhase;
			buildActionMask = 2147483647;
			files = (
			);
			inputPaths = (
			);
			name = "[CP] Copy Pods Resources";
			outputPaths = (
			);
			runOnlyForDeploymentPostprocessing = 0;
			shellPath = /bin/sh;
			shellScript = "\"${SRCROOT}/Pods/Target Support Files/Pods-ProficiencyExerciseTests/Pods-ProficiencyExerciseTests-resources.sh\"\n";
			showEnvVarsInLog = 0;
		};
		96EB9D2AC54C2C2770BEA0EC /* [CP] Embed Pods Frameworks */ = {
			isa = PBXShellScriptBuildPhase;
			buildActionMask = 2147483647;
			files = (
			);
			inputPaths = (
				"${SRCROOT}/Pods/Target Support Files/Pods-ProficiencyExercise/Pods-ProficiencyExercise-frameworks.sh",
				"${BUILT_PRODUCTS_DIR}/PureLayout/PureLayout.framework",
				"${BUILT_PRODUCTS_DIR}/SDWebImage/SDWebImage.framework",
				"${BUILT_PRODUCTS_DIR}/SwiftyJSON/SwiftyJSON.framework",
			);
			name = "[CP] Embed Pods Frameworks";
			outputPaths = (
				"${TARGET_BUILD_DIR}/${FRAMEWORKS_FOLDER_PATH}/PureLayout.framework",
				"${TARGET_BUILD_DIR}/${FRAMEWORKS_FOLDER_PATH}/SDWebImage.framework",
				"${TARGET_BUILD_DIR}/${FRAMEWORKS_FOLDER_PATH}/SwiftyJSON.framework",
			);
			runOnlyForDeploymentPostprocessing = 0;
			shellPath = /bin/sh;
			shellScript = "\"${SRCROOT}/Pods/Target Support Files/Pods-ProficiencyExercise/Pods-ProficiencyExercise-frameworks.sh\"\n";
			showEnvVarsInLog = 0;
		};
		B469383BF5F33FC7DF9C754B /* [CP] Embed Pods Frameworks */ = {
			isa = PBXShellScriptBuildPhase;
			buildActionMask = 2147483647;
			files = (
			);
			inputPaths = (
			);
			name = "[CP] Embed Pods Frameworks";
			outputPaths = (
			);
			runOnlyForDeploymentPostprocessing = 0;
			shellPath = /bin/sh;
			shellScript = "\"${SRCROOT}/Pods/Target Support Files/Pods-ProficiencyExerciseTests/Pods-ProficiencyExerciseTests-frameworks.sh\"\n";
			showEnvVarsInLog = 0;
		};
		D4F0AF4B86FFC56145EA27AF /* [CP] Check Pods Manifest.lock */ = {
			isa = PBXShellScriptBuildPhase;
			buildActionMask = 2147483647;
			files = (
			);
			inputPaths = (
				"${PODS_PODFILE_DIR_PATH}/Podfile.lock",
				"${PODS_ROOT}/Manifest.lock",
			);
			name = "[CP] Check Pods Manifest.lock";
			outputPaths = (
				"$(DERIVED_FILE_DIR)/Pods-ProficiencyExerciseUITests-checkManifestLockResult.txt",
			);
			runOnlyForDeploymentPostprocessing = 0;
			shellPath = /bin/sh;
			shellScript = "diff \"${PODS_PODFILE_DIR_PATH}/Podfile.lock\" \"${PODS_ROOT}/Manifest.lock\" > /dev/null\nif [ $? != 0 ] ; then\n    # print error to STDERR\n    echo \"error: The sandbox is not in sync with the Podfile.lock. Run 'pod install' or update your CocoaPods installation.\" >&2\n    exit 1\nfi\n# This output is used by Xcode 'outputs' to avoid re-running this script phase.\necho \"SUCCESS\" > \"${SCRIPT_OUTPUT_FILE_0}\"\n";
			showEnvVarsInLog = 0;
		};
		D7944F48A6F35409CBBA962B /* [CP] Embed Pods Frameworks */ = {
			isa = PBXShellScriptBuildPhase;
			buildActionMask = 2147483647;
			files = (
			);
			inputPaths = (
			);
			name = "[CP] Embed Pods Frameworks";
			outputPaths = (
			);
			runOnlyForDeploymentPostprocessing = 0;
			shellPath = /bin/sh;
			shellScript = "\"${SRCROOT}/Pods/Target Support Files/Pods-ProficiencyExerciseUITests/Pods-ProficiencyExerciseUITests-frameworks.sh\"\n";
			showEnvVarsInLog = 0;
		};
		FB3CA10B461F6BE33B8E2B05 /* [CP] Copy Pods Resources */ = {
			isa = PBXShellScriptBuildPhase;
			buildActionMask = 2147483647;
			files = (
			);
			inputPaths = (
			);
			name = "[CP] Copy Pods Resources";
			outputPaths = (
			);
			runOnlyForDeploymentPostprocessing = 0;
			shellPath = /bin/sh;
			shellScript = "\"${SRCROOT}/Pods/Target Support Files/Pods-ProficiencyExerciseUITests/Pods-ProficiencyExerciseUITests-resources.sh\"\n";
			showEnvVarsInLog = 0;
		};
/* End PBXShellScriptBuildPhase section */

/* Begin PBXSourcesBuildPhase section */
		77F71F7A1FDAB8FA00D1A98A /* Sources */ = {
			isa = PBXSourcesBuildPhase;
			buildActionMask = 2147483647;
			files = (
				77F71FB91FDAD04500D1A98A /* CustomCellImageList.swift in Sources */,
				77F71FC41FDB24C000D1A98A /* ListItemData.swift in Sources */,
				77F71F841FDAB8FA00D1A98A /* ViewController.swift in Sources */,
				77F71FC01FDB232900D1A98A /* ApiManager.swift in Sources */,
				77E017DD1FDD91FB00C5E83D /* LoadingIndicator.swift in Sources */,
				77F71F821FDAB8FA00D1A98A /* AppDelegate.swift in Sources */,
				77F71FBD1FDB059400D1A98A /* Constants.swift in Sources */,
				77F71FC21FDB240000D1A98A /* ApiResponseData.swift in Sources */,
			);
			runOnlyForDeploymentPostprocessing = 0;
		};
		77F71F8E1FDAB8FB00D1A98A /* Sources */ = {
			isa = PBXSourcesBuildPhase;
			buildActionMask = 2147483647;
			files = (
				77F71F971FDAB8FB00D1A98A /* ProficiencyExerciseTests.swift in Sources */,
			);
			runOnlyForDeploymentPostprocessing = 0;
		};
		77F71F991FDAB8FB00D1A98A /* Sources */ = {
			isa = PBXSourcesBuildPhase;
			buildActionMask = 2147483647;
			files = (
				77F71FA21FDAB8FB00D1A98A /* ProficiencyExerciseUITests.swift in Sources */,
			);
			runOnlyForDeploymentPostprocessing = 0;
		};
/* End PBXSourcesBuildPhase section */

/* Begin PBXTargetDependency section */
		77F71F941FDAB8FB00D1A98A /* PBXTargetDependency */ = {
			isa = PBXTargetDependency;
			target = 77F71F7D1FDAB8FA00D1A98A /* ProficiencyExercise */;
			targetProxy = 77F71F931FDAB8FB00D1A98A /* PBXContainerItemProxy */;
		};
		77F71F9F1FDAB8FB00D1A98A /* PBXTargetDependency */ = {
			isa = PBXTargetDependency;
			target = 77F71F7D1FDAB8FA00D1A98A /* ProficiencyExercise */;
			targetProxy = 77F71F9E1FDAB8FB00D1A98A /* PBXContainerItemProxy */;
		};
/* End PBXTargetDependency section */

/* Begin PBXVariantGroup section */
		77F71F8A1FDAB8FA00D1A98A /* LaunchScreen.storyboard */ = {
			isa = PBXVariantGroup;
			children = (
				77F71F8B1FDAB8FA00D1A98A /* Base */,
			);
			name = LaunchScreen.storyboard;
			sourceTree = "<group>";
		};
/* End PBXVariantGroup section */

/* Begin XCBuildConfiguration section */
		77F71FA41FDAB8FB00D1A98A /* Debug */ = {
			isa = XCBuildConfiguration;
			buildSettings = {
				ALWAYS_SEARCH_USER_PATHS = NO;
				CLANG_ANALYZER_NONNULL = YES;
				CLANG_CXX_LANGUAGE_STANDARD = "gnu++0x";
				CLANG_CXX_LIBRARY = "libc++";
				CLANG_ENABLE_MODULES = YES;
				CLANG_ENABLE_OBJC_ARC = YES;
				CLANG_WARN_BOOL_CONVERSION = YES;
				CLANG_WARN_CONSTANT_CONVERSION = YES;
				CLANG_WARN_DIRECT_OBJC_ISA_USAGE = YES_ERROR;
				CLANG_WARN_DOCUMENTATION_COMMENTS = YES;
				CLANG_WARN_EMPTY_BODY = YES;
				CLANG_WARN_ENUM_CONVERSION = YES;
				CLANG_WARN_INFINITE_RECURSION = YES;
				CLANG_WARN_INT_CONVERSION = YES;
				CLANG_WARN_OBJC_ROOT_CLASS = YES_ERROR;
				CLANG_WARN_SUSPICIOUS_MOVE = YES;
				CLANG_WARN_UNREACHABLE_CODE = YES;
				CLANG_WARN__DUPLICATE_METHOD_MATCH = YES;
				"CODE_SIGN_IDENTITY[sdk=iphoneos*]" = "iPhone Developer";
				COPY_PHASE_STRIP = NO;
				DEBUG_INFORMATION_FORMAT = dwarf;
				ENABLE_STRICT_OBJC_MSGSEND = YES;
				ENABLE_TESTABILITY = YES;
				GCC_C_LANGUAGE_STANDARD = gnu99;
				GCC_DYNAMIC_NO_PIC = NO;
				GCC_NO_COMMON_BLOCKS = YES;
				GCC_OPTIMIZATION_LEVEL = 0;
				GCC_PREPROCESSOR_DEFINITIONS = (
					"DEBUG=1",
					"$(inherited)",
				);
				GCC_WARN_64_TO_32_BIT_CONVERSION = YES;
				GCC_WARN_ABOUT_RETURN_TYPE = YES_ERROR;
				GCC_WARN_UNDECLARED_SELECTOR = YES;
				GCC_WARN_UNINITIALIZED_AUTOS = YES_AGGRESSIVE;
				GCC_WARN_UNUSED_FUNCTION = YES;
				GCC_WARN_UNUSED_VARIABLE = YES;
				IPHONEOS_DEPLOYMENT_TARGET = 10.2;
				MTL_ENABLE_DEBUG_INFO = YES;
				ONLY_ACTIVE_ARCH = YES;
				SDKROOT = iphoneos;
				SWIFT_ACTIVE_COMPILATION_CONDITIONS = DEBUG;
				SWIFT_OPTIMIZATION_LEVEL = "-Onone";
			};
			name = Debug;
		};
		77F71FA51FDAB8FB00D1A98A /* Release */ = {
			isa = XCBuildConfiguration;
			buildSettings = {
				ALWAYS_SEARCH_USER_PATHS = NO;
				CLANG_ANALYZER_NONNULL = YES;
				CLANG_CXX_LANGUAGE_STANDARD = "gnu++0x";
				CLANG_CXX_LIBRARY = "libc++";
				CLANG_ENABLE_MODULES = YES;
				CLANG_ENABLE_OBJC_ARC = YES;
				CLANG_WARN_BOOL_CONVERSION = YES;
				CLANG_WARN_CONSTANT_CONVERSION = YES;
				CLANG_WARN_DIRECT_OBJC_ISA_USAGE = YES_ERROR;
				CLANG_WARN_DOCUMENTATION_COMMENTS = YES;
				CLANG_WARN_EMPTY_BODY = YES;
				CLANG_WARN_ENUM_CONVERSION = YES;
				CLANG_WARN_INFINITE_RECURSION = YES;
				CLANG_WARN_INT_CONVERSION = YES;
				CLANG_WARN_OBJC_ROOT_CLASS = YES_ERROR;
				CLANG_WARN_SUSPICIOUS_MOVE = YES;
				CLANG_WARN_UNREACHABLE_CODE = YES;
				CLANG_WARN__DUPLICATE_METHOD_MATCH = YES;
				"CODE_SIGN_IDENTITY[sdk=iphoneos*]" = "iPhone Developer";
				COPY_PHASE_STRIP = NO;
				DEBUG_INFORMATION_FORMAT = "dwarf-with-dsym";
				ENABLE_NS_ASSERTIONS = NO;
				ENABLE_STRICT_OBJC_MSGSEND = YES;
				GCC_C_LANGUAGE_STANDARD = gnu99;
				GCC_NO_COMMON_BLOCKS = YES;
				GCC_WARN_64_TO_32_BIT_CONVERSION = YES;
				GCC_WARN_ABOUT_RETURN_TYPE = YES_ERROR;
				GCC_WARN_UNDECLARED_SELECTOR = YES;
				GCC_WARN_UNINITIALIZED_AUTOS = YES_AGGRESSIVE;
				GCC_WARN_UNUSED_FUNCTION = YES;
				GCC_WARN_UNUSED_VARIABLE = YES;
				IPHONEOS_DEPLOYMENT_TARGET = 10.2;
				MTL_ENABLE_DEBUG_INFO = NO;
				SDKROOT = iphoneos;
				SWIFT_OPTIMIZATION_LEVEL = "-Owholemodule";
				VALIDATE_PRODUCT = YES;
			};
			name = Release;
		};
		77F71FA71FDAB8FB00D1A98A /* Debug */ = {
			isa = XCBuildConfiguration;
			baseConfigurationReference = A649DC9E4EADE1C2845C5199 /* Pods-ProficiencyExercise.debug.xcconfig */;
			buildSettings = {
				ASSETCATALOG_COMPILER_APPICON_NAME = AppIcon;
				DEVELOPMENT_TEAM = NP7H2773Z2;
				INFOPLIST_FILE = ProficiencyExercise/Info.plist;
				IPHONEOS_DEPLOYMENT_TARGET = 9.2;
				LD_RUNPATH_SEARCH_PATHS = "$(inherited) @executable_path/Frameworks";
				PRODUCT_BUNDLE_IDENTIFIER = com.test.ProficiencyExercise;
				PRODUCT_NAME = "$(TARGET_NAME)";
				SWIFT_OBJC_BRIDGING_HEADER = "ProficiencyExercise/ProficiencyExercise-Bridging-Header.h";
				SWIFT_VERSION = 3.0;
				TARGETED_DEVICE_FAMILY = "1,2";
			};
			name = Debug;
		};
		77F71FA81FDAB8FB00D1A98A /* Release */ = {
			isa = XCBuildConfiguration;
			baseConfigurationReference = 9FE8692F838F48449805BD11 /* Pods-ProficiencyExercise.release.xcconfig */;
			buildSettings = {
				ASSETCATALOG_COMPILER_APPICON_NAME = AppIcon;
				DEVELOPMENT_TEAM = NP7H2773Z2;
				INFOPLIST_FILE = ProficiencyExercise/Info.plist;
				IPHONEOS_DEPLOYMENT_TARGET = 9.2;
				LD_RUNPATH_SEARCH_PATHS = "$(inherited) @executable_path/Frameworks";
				PRODUCT_BUNDLE_IDENTIFIER = com.test.ProficiencyExercise;
				PRODUCT_NAME = "$(TARGET_NAME)";
				SWIFT_OBJC_BRIDGING_HEADER = "ProficiencyExercise/ProficiencyExercise-Bridging-Header.h";
				SWIFT_VERSION = 3.0;
				TARGETED_DEVICE_FAMILY = "1,2";
			};
			name = Release;
		};
		77F71FAA1FDAB8FB00D1A98A /* Debug */ = {
			isa = XCBuildConfiguration;
			baseConfigurationReference = 85D5EF233B4E0009920B5212 /* Pods-ProficiencyExerciseTests.debug.xcconfig */;
			buildSettings = {
				ALWAYS_EMBED_SWIFT_STANDARD_LIBRARIES = YES;
				BUNDLE_LOADER = "$(TEST_HOST)";
				INFOPLIST_FILE = ProficiencyExerciseTests/Info.plist;
				LD_RUNPATH_SEARCH_PATHS = "$(inherited) @executable_path/Frameworks @loader_path/Frameworks";
				PRODUCT_BUNDLE_IDENTIFIER = com.test.ProficiencyExerciseTests;
				PRODUCT_NAME = "$(TARGET_NAME)";
				SWIFT_VERSION = 3.0;
				TEST_HOST = "$(BUILT_PRODUCTS_DIR)/ProficiencyExercise.app/ProficiencyExercise";
			};
			name = Debug;
		};
		77F71FAB1FDAB8FB00D1A98A /* Release */ = {
			isa = XCBuildConfiguration;
			baseConfigurationReference = 2C75E13863B345BF4ABE684E /* Pods-ProficiencyExerciseTests.release.xcconfig */;
			buildSettings = {
				ALWAYS_EMBED_SWIFT_STANDARD_LIBRARIES = YES;
				BUNDLE_LOADER = "$(TEST_HOST)";
				INFOPLIST_FILE = ProficiencyExerciseTests/Info.plist;
				LD_RUNPATH_SEARCH_PATHS = "$(inherited) @executable_path/Frameworks @loader_path/Frameworks";
				PRODUCT_BUNDLE_IDENTIFIER = com.test.ProficiencyExerciseTests;
				PRODUCT_NAME = "$(TARGET_NAME)";
				SWIFT_VERSION = 3.0;
				TEST_HOST = "$(BUILT_PRODUCTS_DIR)/ProficiencyExercise.app/ProficiencyExercise";
			};
			name = Release;
		};
		77F71FAD1FDAB8FB00D1A98A /* Debug */ = {
			isa = XCBuildConfiguration;
			baseConfigurationReference = EB497B74CCD3D4498FAFF976 /* Pods-ProficiencyExerciseUITests.debug.xcconfig */;
			buildSettings = {
				ALWAYS_EMBED_SWIFT_STANDARD_LIBRARIES = YES;
				INFOPLIST_FILE = ProficiencyExerciseUITests/Info.plist;
				LD_RUNPATH_SEARCH_PATHS = "$(inherited) @executable_path/Frameworks @loader_path/Frameworks";
				PRODUCT_BUNDLE_IDENTIFIER = com.test.ProficiencyExerciseUITests;
				PRODUCT_NAME = "$(TARGET_NAME)";
				SWIFT_VERSION = 3.0;
				TEST_TARGET_NAME = ProficiencyExercise;
			};
			name = Debug;
		};
		77F71FAE1FDAB8FB00D1A98A /* Release */ = {
			isa = XCBuildConfiguration;
			baseConfigurationReference = 2CAE66282596576BC33F083D /* Pods-ProficiencyExerciseUITests.release.xcconfig */;
			buildSettings = {
				ALWAYS_EMBED_SWIFT_STANDARD_LIBRARIES = YES;
				INFOPLIST_FILE = ProficiencyExerciseUITests/Info.plist;
				LD_RUNPATH_SEARCH_PATHS = "$(inherited) @executable_path/Frameworks @loader_path/Frameworks";
				PRODUCT_BUNDLE_IDENTIFIER = com.test.ProficiencyExerciseUITests;
				PRODUCT_NAME = "$(TARGET_NAME)";
				SWIFT_VERSION = 3.0;
				TEST_TARGET_NAME = ProficiencyExercise;
			};
			name = Release;
		};
/* End XCBuildConfiguration section */

/* Begin XCConfigurationList section */
		77F71F791FDAB8FA00D1A98A /* Build configuration list for PBXProject "ProficiencyExercise" */ = {
			isa = XCConfigurationList;
			buildConfigurations = (
				77F71FA41FDAB8FB00D1A98A /* Debug */,
				77F71FA51FDAB8FB00D1A98A /* Release */,
			);
			defaultConfigurationIsVisible = 0;
			defaultConfigurationName = Release;
		};
		77F71FA61FDAB8FB00D1A98A /* Build configuration list for PBXNativeTarget "ProficiencyExercise" */ = {
			isa = XCConfigurationList;
			buildConfigurations = (
				77F71FA71FDAB8FB00D1A98A /* Debug */,
				77F71FA81FDAB8FB00D1A98A /* Release */,
			);
			defaultConfigurationIsVisible = 0;
			defaultConfigurationName = Release;
		};
		77F71FA91FDAB8FB00D1A98A /* Build configuration list for PBXNativeTarget "ProficiencyExerciseTests" */ = {
			isa = XCConfigurationList;
			buildConfigurations = (
				77F71FAA1FDAB8FB00D1A98A /* Debug */,
				77F71FAB1FDAB8FB00D1A98A /* Release */,
			);
			defaultConfigurationIsVisible = 0;
			defaultConfigurationName = Release;
		};
		77F71FAC1FDAB8FB00D1A98A /* Build configuration list for PBXNativeTarget "ProficiencyExerciseUITests" */ = {
			isa = XCConfigurationList;
			buildConfigurations = (
				77F71FAD1FDAB8FB00D1A98A /* Debug */,
				77F71FAE1FDAB8FB00D1A98A /* Release */,
			);
			defaultConfigurationIsVisible = 0;
			defaultConfigurationName = Release;
		};
/* End XCConfigurationList section */
	};
	rootObject = 77F71F761FDAB8FA00D1A98A /* Project object */;
}
